
Microsoft Visual Studio Solution File, Format Version 12.00
# Visual Studio 15
VisualStudioVersion = 15.0.27428.2011
MinimumVisualStudioVersion = 10.0.40219.1
Project("{FAE04EC0-301F-11D3-BF4B-00C04F79EFBC}") = "CastDemo", "CastDemo\CastDemo.csproj", "{34C863FC-6F46-4F98-8299-720266DD28D7}"
EndProject
Project("{FAE04EC0-301F-11D3-BF4B-00C04F79EFBC}") = "PartialMethodDemo", "ParticalMethodDemo\PartialMethodDemo.csproj", "{D372AB40-0029-4EAD-B03F-DD7305A6B02D}"
EndProject
Project("{FAE04EC0-301F-11D3-BF4B-00C04F79EFBC}") = "ObjectRef", "ObjectRef\ObjectRef.csproj", "{8F399A23-2A3F-4CA0-A0BF-866503517667}"
EndProject
Project("{FAE04EC0-301F-11D3-BF4B-00C04F79EFBC}") = "TupleDemo", "TupleDemo\TupleDemo.csproj", "{578CA1BC-5C38-423F-9A9B-D65E35452CCD}"
EndProject
Project("{FAE04EC0-301F-11D3-BF4B-00C04F79EFBC}") = "PropDemo", "PropDemo\PropDemo.csproj", "{14F86E54-59BF-4976-9037-94AFCA722095}"
EndProject
Project("{FAE04EC0-301F-11D3-BF4B-00C04F79EFBC}") = "EventDemo", "EventDemo\EventDemo.csproj", "{28A26075-0B04-4A93-B788-2804A47592D9}"
EndProject
Project("{FAE04EC0-301F-11D3-BF4B-00C04F79EFBC}") = "InterfaceDemo", "InterfaceDemo\InterfaceDemo.csproj", "{FF3C39D9-16E0-4428-8559-A1AB4D2F7FF3}"
EndProject
Global
	GlobalSection(SolutionConfigurationPlatforms) = preSolution
		Debug|Any CPU = Debug|Any CPU
		Release|Any CPU = Release|Any CPU
	EndGlobalSection
	GlobalSection(ProjectConfigurationPlatforms) = postSolution
		{34C863FC-6F46-4F98-8299-720266DD28D7}.Debug|Any CPU.ActiveCfg = Debug|Any CPU
		{34C863FC-6F46-4F98-8299-720266DD28D7}.Debug|Any CPU.Build.0 = Debug|Any CPU
		{34C863FC-6F46-4F98-8299-720266DD28D7}.Release|Any CPU.ActiveCfg = Release|Any CPU
		{34C863FC-6F46-4F98-8299-720266DD28D7}.Release|Any CPU.Build.0 = Release|Any CPU
		{D372AB40-0029-4EAD-B03F-DD7305A6B02D}.Debug|Any CPU.ActiveCfg = Debug|Any CPU
		{D372AB40-0029-4EAD-B03F-DD7305A6B02D}.Debug|Any CPU.Build.0 = Debug|Any CPU
		{D372AB40-0029-4EAD-B03F-DD7305A6B02D}.Release|Any CPU.ActiveCfg = Release|Any CPU
		{D372AB40-0029-4EAD-B03F-DD7305A6B02D}.Release|Any CPU.Build.0 = Release|Any CPU
		{8F399A23-2A3F-4CA0-A0BF-866503517667}.Debug|Any CPU.ActiveCfg = Debug|Any CPU
		{8F399A23-2A3F-4CA0-A0BF-866503517667}.Debug|Any CPU.Build.0 = Debug|Any CPU
		{8F399A23-2A3F-4CA0-A0BF-866503517667}.Release|Any CPU.ActiveCfg = Release|Any CPU
		{8F399A23-2A3F-4CA0-A0BF-866503517667}.Release|Any CPU.Build.0 = Release|Any CPU
		{578CA1BC-5C38-423F-9A9B-D65E35452CCD}.Debug|Any CPU.ActiveCfg = Debug|Any CPU
		{578CA1BC-5C38-423F-9A9B-D65E35452CCD}.Debug|Any CPU.Build.0 = Debug|Any CPU
		{578CA1BC-5C38-423F-9A9B-D65E35452CCD}.Release|Any CPU.ActiveCfg = Release|Any CPU
		{578CA1BC-5C38-423F-9A9B-D65E35452CCD}.Release|Any CPU.Build.0 = Release|Any CPU
		{14F86E54-59BF-4976-9037-94AFCA722095}.Debug|Any CPU.ActiveCfg = Debug|Any CPU
		{14F86E54-59BF-4976-9037-94AFCA722095}.Debug|Any CPU.Build.0 = Debug|Any CPU
		{14F86E54-59BF-4976-9037-94AFCA722095}.Release|Any CPU.ActiveCfg = Release|Any CPU
		{14F86E54-59BF-4976-9037-94AFCA722095}.Release|Any CPU.Build.0 = Release|Any CPU
		{28A26075-0B04-4A93-B788-2804A47592D9}.Debug|Any CPU.ActiveCfg = Debug|Any CPU
		{28A26075-0B04-4A93-B788-2804A47592D9}.Debug|Any CPU.Build.0 = Debug|Any CPU
		{28A26075-0B04-4A93-B788-2804A47592D9}.Release|Any CPU.ActiveCfg = Release|Any CPU
		{28A26075-0B04-4A93-B788-2804A47592D9}.Release|Any CPU.Build.0 = Release|Any CPU
		{FF3C39D9-16E0-4428-8559-A1AB4D2F7FF3}.Debug|Any CPU.ActiveCfg = Debug|Any CPU
		{FF3C39D9-16E0-4428-8559-A1AB4D2F7FF3}.Debug|Any CPU.Build.0 = Debug|Any CPU
		{FF3C39D9-16E0-4428-8559-A1AB4D2F7FF3}.Release|Any CPU.ActiveCfg = Release|Any CPU
		{FF3C39D9-16E0-4428-8559-A1AB4D2F7FF3}.Release|Any CPU.Build.0 = Release|Any CPU
	EndGlobalSection
	GlobalSection(SolutionProperties) = preSolution
		HideSolutionNode = FALSE
	EndGlobalSection
	GlobalSection(ExtensibilityGlobals) = postSolution
		SolutionGuid = {902AF0F7-D661-4A85-B651-680876C074AA}
	EndGlobalSection
EndGlobal
