
Microsoft Visual Studio Solution File, Format Version 12.00
# Visual Studio 15
VisualStudioVersion = 15.0.27428.2011
MinimumVisualStudioVersion = 10.0.40219.1
Project("{FAE04EC0-301F-11D3-BF4B-00C04F79EFBC}") = "CastDemo", "CastDemo\CastDemo.csproj", "{34C863FC-6F46-4F98-8299-720266DD28D7}"
EndProject
Project("{FAE04EC0-301F-11D3-BF4B-00C04F79EFBC}") = "PartialMethodDemo", "ParticalMethodDemo\PartialMethodDemo.csproj", "{D372AB40-0029-4EAD-B03F-DD7305A6B02D}"
EndProject
Project("{FAE04EC0-301F-11D3-BF4B-00C04F79EFBC}") = "ObjectRef", "ObjectRef\ObjectRef.csproj", "{8F399A23-2A3F-4CA0-A0BF-866503517667}"
EndProject
Project("{FAE04EC0-301F-11D3-BF4B-00C04F79EFBC}") = "TupleDemo", "TupleDemo\TupleDemo.csproj", "{578CA1BC-5C38-423F-9A9B-D65E35452CCD}"
EndProject
Project("{FAE04EC0-301F-11D3-BF4B-00C04F79EFBC}") = "PropDemo", "PropDemo\PropDemo.csproj", "{14F86E54-59BF-4976-9037-94AFCA722095}"
EndProject
Project("{FAE04EC0-301F-11D3-BF4B-00C04F79EFBC}") = "EventDemo", "EventDemo\EventDemo.csproj", "{28A26075-0B04-4A93-B788-2804A47592D9}"
EndProject
Project("{FAE04EC0-301F-11D3-BF4B-00C04F79EFBC}") = "InterfaceDemo", "InterfaceDemo\InterfaceDemo.csproj", "{FF3C39D9-16E0-4428-8559-A1AB4D2F7FF3}"
EndProject
Project("{FAE04EC0-301F-11D3-BF4B-00C04F79EFBC}") = "SecureStringDemo", "SecureString\SecureStringDemo.csproj", "{43FF7D69-6F81-4CA5-A6F6-674E70B8CC35}"
EndProject
Project("{FAE04EC0-301F-11D3-BF4B-00C04F79EFBC}") = "FlagsDemo", "FlagsDemo\FlagsDemo.csproj", "{5BA6A506-F0C2-4F25-874C-DBDE530CECCC}"
EndProject
Project("{FAE04EC0-301F-11D3-BF4B-00C04F79EFBC}") = "ArrayDemo", "ArrayDemo\ArrayDemo.csproj", "{2754940D-3FFE-49A1-A308-1B81F2F0CF35}"
EndProject
Project("{FAE04EC0-301F-11D3-BF4B-00C04F79EFBC}") = "StackallocDemo", "StackallocDemo\StackallocDemo.csproj", "{0C3FA36E-FCC4-4A43-BD27-043186432702}"
EndProject
Project("{FAE04EC0-301F-11D3-BF4B-00C04F79EFBC}") = "MulticastDelegateDemo", "MulticastDelegateDemo\MulticastDelegateDemo.csproj", "{BFC90CDF-0649-4805-933D-2C1E62118AE7}"
EndProject
Project("{FAE04EC0-301F-11D3-BF4B-00C04F79EFBC}") = "AttributeDemo", "AttributeDemo\AttributeDemo.csproj", "{21586364-3BA3-48A9-8D56-97A51E324AF8}"
EndProject
Project("{FAE04EC0-301F-11D3-BF4B-00C04F79EFBC}") = "AttributeDemo2", "AttributeDemo2\AttributeDemo2.csproj", "{6C9885F4-7D58-4060-97FF-AAFB8CC7CE19}"
EndProject
Project("{FAE04EC0-301F-11D3-BF4B-00C04F79EFBC}") = "CrossAppDomain", "CrossAppDomain\CrossAppDomain.csproj", "{6FFD6046-A12E-4DD9-ACFE-B2C9EB01F643}"
EndProject
Project("{FAE04EC0-301F-11D3-BF4B-00C04F79EFBC}") = "ReflectionDemo_01", "ReflectionDemo_01\ReflectionDemo_01.csproj", "{09252DCB-9CFB-4348-8F9C-1502A7BA3401}"
EndProject
Project("{FAE04EC0-301F-11D3-BF4B-00C04F79EFBC}") = "ReflectionDemo_02", "ReflectionDemo_02\ReflectionDemo_02.csproj", "{E0F2ECAD-83DB-4758-9EEE-B35E2D6DE131}"
EndProject
Project("{FAE04EC0-301F-11D3-BF4B-00C04F79EFBC}") = "ReflectionDemo_03", "ReflectionDemo_03\ReflectionDemo_03.csproj", "{82906A58-0E38-4858-B86D-6A0DBB429DF4}"
EndProject
Project("{FAE04EC0-301F-11D3-BF4B-00C04F79EFBC}") = "ReflectionDemo_04", "ReflectionDemo_04\ReflectionDemo_04.csproj", "{A96A1808-00F0-43A1-8AF9-85C917902DC0}"
EndProject
Project("{FAE04EC0-301F-11D3-BF4B-00C04F79EFBC}") = "ReflectionDemo_05", "ReflectionDemo_05\ReflectionDemo_05.csproj", "{E6D9D229-27AF-4C4A-946E-5A0A26024F19}"
EndProject
Project("{FAE04EC0-301F-11D3-BF4B-00C04F79EFBC}") = "SerializeDemo_01", "SerializeDemo_01\SerializeDemo_01.csproj", "{F02B12BD-CCE7-496C-A965-E51DE2C5ED35}"
EndProject
Project("{FAE04EC0-301F-11D3-BF4B-00C04F79EFBC}") = "SerializeDemo_02", "SerializeDemo_02\SerializeDemo_02.csproj", "{793110C1-BFC6-4117-8F04-722239AD85B4}"
EndProject
Project("{FAE04EC0-301F-11D3-BF4B-00C04F79EFBC}") = "SerializeDemo_03", "SerializeDemo_03\SerializeDemo_03.csproj", "{B9F00D4A-EA4B-4DD9-94D0-91A1F0F5C8F9}"
EndProject
Project("{FAE04EC0-301F-11D3-BF4B-00C04F79EFBC}") = "ThreadDemo_01", "ThreadDemo_01\ThreadDemo_01.csproj", "{2049CC6C-B318-434B-AF57-0F243B083720}"
EndProject
Project("{FAE04EC0-301F-11D3-BF4B-00C04F79EFBC}") = "ThreadDemo_02", "ThreadDemo_02\ThreadDemo_02.csproj", "{C90B87DC-020C-4CB8-B730-925856DD8BD2}"
EndProject
Project("{FAE04EC0-301F-11D3-BF4B-00C04F79EFBC}") = "ThreadDemo_03", "ThreadDemo_03\ThreadDemo_03.csproj", "{62915ABE-8F74-4747-BD78-332831FB2F5C}"
EndProject
Project("{FAE04EC0-301F-11D3-BF4B-00C04F79EFBC}") = "ThreadDemo_04", "ThreadDemo_04\ThreadDemo_04.csproj", "{AA5B416B-7430-4C63-8883-69D3E3FBF6FF}"
EndProject
Project("{FAE04EC0-301F-11D3-BF4B-00C04F79EFBC}") = "TaskDemo_01", "TaskDemo_01\TaskDemo_01.csproj", "{A520D87C-2E7E-41AF-B3EA-AF9B2A2EAEFB}"
EndProject
Project("{FAE04EC0-301F-11D3-BF4B-00C04F79EFBC}") = "TaskDemo_02", "TaskDemo_02\TaskDemo_02.csproj", "{F0181C24-E8E1-49B9-9441-3E91D4105940}"
EndProject
Project("{FAE04EC0-301F-11D3-BF4B-00C04F79EFBC}") = "TaskDemo_03", "TaskDemo_03\TaskDemo_03.csproj", "{E5E3E9D7-4D85-47BC-9DB3-FA680C96D3C2}"
EndProject
Project("{FAE04EC0-301F-11D3-BF4B-00C04F79EFBC}") = "TaskFactoryDemo_01", "TaskFactoryDemo_01\TaskFactoryDemo_01.csproj", "{1FD9C15A-22C2-4F0C-808D-1304F843FFDD}"
EndProject
Project("{FAE04EC0-301F-11D3-BF4B-00C04F79EFBC}") = "ParallelDemo_01", "ParallelDemo_01\ParallelDemo_01.csproj", "{7E1BEB9E-8906-4E2B-9569-E643F51FF6C4}"
EndProject
Project("{FAE04EC0-301F-11D3-BF4B-00C04F79EFBC}") = "ParallelDemo_02", "ParallelDemo_02\ParallelDemo_02.csproj", "{6FE6C074-558E-4F5E-BA71-AB843197955B}"
EndProject
Global
	GlobalSection(SolutionConfigurationPlatforms) = preSolution
		Debug|Any CPU = Debug|Any CPU
		Release|Any CPU = Release|Any CPU
	EndGlobalSection
	GlobalSection(ProjectConfigurationPlatforms) = postSolution
		{34C863FC-6F46-4F98-8299-720266DD28D7}.Debug|Any CPU.ActiveCfg = Debug|Any CPU
		{34C863FC-6F46-4F98-8299-720266DD28D7}.Debug|Any CPU.Build.0 = Debug|Any CPU
		{34C863FC-6F46-4F98-8299-720266DD28D7}.Release|Any CPU.ActiveCfg = Release|Any CPU
		{34C863FC-6F46-4F98-8299-720266DD28D7}.Release|Any CPU.Build.0 = Release|Any CPU
		{D372AB40-0029-4EAD-B03F-DD7305A6B02D}.Debug|Any CPU.ActiveCfg = Debug|Any CPU
		{D372AB40-0029-4EAD-B03F-DD7305A6B02D}.Debug|Any CPU.Build.0 = Debug|Any CPU
		{D372AB40-0029-4EAD-B03F-DD7305A6B02D}.Release|Any CPU.ActiveCfg = Release|Any CPU
		{D372AB40-0029-4EAD-B03F-DD7305A6B02D}.Release|Any CPU.Build.0 = Release|Any CPU
		{8F399A23-2A3F-4CA0-A0BF-866503517667}.Debug|Any CPU.ActiveCfg = Debug|Any CPU
		{8F399A23-2A3F-4CA0-A0BF-866503517667}.Debug|Any CPU.Build.0 = Debug|Any CPU
		{8F399A23-2A3F-4CA0-A0BF-866503517667}.Release|Any CPU.ActiveCfg = Release|Any CPU
		{8F399A23-2A3F-4CA0-A0BF-866503517667}.Release|Any CPU.Build.0 = Release|Any CPU
		{578CA1BC-5C38-423F-9A9B-D65E35452CCD}.Debug|Any CPU.ActiveCfg = Debug|Any CPU
		{578CA1BC-5C38-423F-9A9B-D65E35452CCD}.Debug|Any CPU.Build.0 = Debug|Any CPU
		{578CA1BC-5C38-423F-9A9B-D65E35452CCD}.Release|Any CPU.ActiveCfg = Release|Any CPU
		{578CA1BC-5C38-423F-9A9B-D65E35452CCD}.Release|Any CPU.Build.0 = Release|Any CPU
		{14F86E54-59BF-4976-9037-94AFCA722095}.Debug|Any CPU.ActiveCfg = Debug|Any CPU
		{14F86E54-59BF-4976-9037-94AFCA722095}.Debug|Any CPU.Build.0 = Debug|Any CPU
		{14F86E54-59BF-4976-9037-94AFCA722095}.Release|Any CPU.ActiveCfg = Release|Any CPU
		{14F86E54-59BF-4976-9037-94AFCA722095}.Release|Any CPU.Build.0 = Release|Any CPU
		{28A26075-0B04-4A93-B788-2804A47592D9}.Debug|Any CPU.ActiveCfg = Debug|Any CPU
		{28A26075-0B04-4A93-B788-2804A47592D9}.Debug|Any CPU.Build.0 = Debug|Any CPU
		{28A26075-0B04-4A93-B788-2804A47592D9}.Release|Any CPU.ActiveCfg = Release|Any CPU
		{28A26075-0B04-4A93-B788-2804A47592D9}.Release|Any CPU.Build.0 = Release|Any CPU
		{FF3C39D9-16E0-4428-8559-A1AB4D2F7FF3}.Debug|Any CPU.ActiveCfg = Debug|Any CPU
		{FF3C39D9-16E0-4428-8559-A1AB4D2F7FF3}.Debug|Any CPU.Build.0 = Debug|Any CPU
		{FF3C39D9-16E0-4428-8559-A1AB4D2F7FF3}.Release|Any CPU.ActiveCfg = Release|Any CPU
		{FF3C39D9-16E0-4428-8559-A1AB4D2F7FF3}.Release|Any CPU.Build.0 = Release|Any CPU
		{43FF7D69-6F81-4CA5-A6F6-674E70B8CC35}.Debug|Any CPU.ActiveCfg = Debug|Any CPU
		{43FF7D69-6F81-4CA5-A6F6-674E70B8CC35}.Debug|Any CPU.Build.0 = Debug|Any CPU
		{43FF7D69-6F81-4CA5-A6F6-674E70B8CC35}.Release|Any CPU.ActiveCfg = Release|Any CPU
		{43FF7D69-6F81-4CA5-A6F6-674E70B8CC35}.Release|Any CPU.Build.0 = Release|Any CPU
		{5BA6A506-F0C2-4F25-874C-DBDE530CECCC}.Debug|Any CPU.ActiveCfg = Debug|Any CPU
		{5BA6A506-F0C2-4F25-874C-DBDE530CECCC}.Debug|Any CPU.Build.0 = Debug|Any CPU
		{5BA6A506-F0C2-4F25-874C-DBDE530CECCC}.Release|Any CPU.ActiveCfg = Release|Any CPU
		{5BA6A506-F0C2-4F25-874C-DBDE530CECCC}.Release|Any CPU.Build.0 = Release|Any CPU
		{2754940D-3FFE-49A1-A308-1B81F2F0CF35}.Debug|Any CPU.ActiveCfg = Debug|Any CPU
		{2754940D-3FFE-49A1-A308-1B81F2F0CF35}.Debug|Any CPU.Build.0 = Debug|Any CPU
		{2754940D-3FFE-49A1-A308-1B81F2F0CF35}.Release|Any CPU.ActiveCfg = Release|Any CPU
		{2754940D-3FFE-49A1-A308-1B81F2F0CF35}.Release|Any CPU.Build.0 = Release|Any CPU
		{0C3FA36E-FCC4-4A43-BD27-043186432702}.Debug|Any CPU.ActiveCfg = Debug|Any CPU
		{0C3FA36E-FCC4-4A43-BD27-043186432702}.Debug|Any CPU.Build.0 = Debug|Any CPU
		{0C3FA36E-FCC4-4A43-BD27-043186432702}.Release|Any CPU.ActiveCfg = Release|Any CPU
		{0C3FA36E-FCC4-4A43-BD27-043186432702}.Release|Any CPU.Build.0 = Release|Any CPU
		{BFC90CDF-0649-4805-933D-2C1E62118AE7}.Debug|Any CPU.ActiveCfg = Debug|Any CPU
		{BFC90CDF-0649-4805-933D-2C1E62118AE7}.Debug|Any CPU.Build.0 = Debug|Any CPU
		{BFC90CDF-0649-4805-933D-2C1E62118AE7}.Release|Any CPU.ActiveCfg = Release|Any CPU
		{BFC90CDF-0649-4805-933D-2C1E62118AE7}.Release|Any CPU.Build.0 = Release|Any CPU
		{21586364-3BA3-48A9-8D56-97A51E324AF8}.Debug|Any CPU.ActiveCfg = Debug|Any CPU
		{21586364-3BA3-48A9-8D56-97A51E324AF8}.Debug|Any CPU.Build.0 = Debug|Any CPU
		{21586364-3BA3-48A9-8D56-97A51E324AF8}.Release|Any CPU.ActiveCfg = Release|Any CPU
		{21586364-3BA3-48A9-8D56-97A51E324AF8}.Release|Any CPU.Build.0 = Release|Any CPU
		{6C9885F4-7D58-4060-97FF-AAFB8CC7CE19}.Debug|Any CPU.ActiveCfg = Debug|Any CPU
		{6C9885F4-7D58-4060-97FF-AAFB8CC7CE19}.Debug|Any CPU.Build.0 = Debug|Any CPU
		{6C9885F4-7D58-4060-97FF-AAFB8CC7CE19}.Release|Any CPU.ActiveCfg = Release|Any CPU
		{6C9885F4-7D58-4060-97FF-AAFB8CC7CE19}.Release|Any CPU.Build.0 = Release|Any CPU
		{6FFD6046-A12E-4DD9-ACFE-B2C9EB01F643}.Debug|Any CPU.ActiveCfg = Debug|Any CPU
		{6FFD6046-A12E-4DD9-ACFE-B2C9EB01F643}.Debug|Any CPU.Build.0 = Debug|Any CPU
		{6FFD6046-A12E-4DD9-ACFE-B2C9EB01F643}.Release|Any CPU.ActiveCfg = Release|Any CPU
		{6FFD6046-A12E-4DD9-ACFE-B2C9EB01F643}.Release|Any CPU.Build.0 = Release|Any CPU
		{09252DCB-9CFB-4348-8F9C-1502A7BA3401}.Debug|Any CPU.ActiveCfg = Debug|Any CPU
		{09252DCB-9CFB-4348-8F9C-1502A7BA3401}.Debug|Any CPU.Build.0 = Debug|Any CPU
		{09252DCB-9CFB-4348-8F9C-1502A7BA3401}.Release|Any CPU.ActiveCfg = Release|Any CPU
		{09252DCB-9CFB-4348-8F9C-1502A7BA3401}.Release|Any CPU.Build.0 = Release|Any CPU
		{E0F2ECAD-83DB-4758-9EEE-B35E2D6DE131}.Debug|Any CPU.ActiveCfg = Debug|Any CPU
		{E0F2ECAD-83DB-4758-9EEE-B35E2D6DE131}.Debug|Any CPU.Build.0 = Debug|Any CPU
		{E0F2ECAD-83DB-4758-9EEE-B35E2D6DE131}.Release|Any CPU.ActiveCfg = Release|Any CPU
		{E0F2ECAD-83DB-4758-9EEE-B35E2D6DE131}.Release|Any CPU.Build.0 = Release|Any CPU
		{82906A58-0E38-4858-B86D-6A0DBB429DF4}.Debug|Any CPU.ActiveCfg = Debug|Any CPU
		{82906A58-0E38-4858-B86D-6A0DBB429DF4}.Debug|Any CPU.Build.0 = Debug|Any CPU
		{82906A58-0E38-4858-B86D-6A0DBB429DF4}.Release|Any CPU.ActiveCfg = Release|Any CPU
		{82906A58-0E38-4858-B86D-6A0DBB429DF4}.Release|Any CPU.Build.0 = Release|Any CPU
		{A96A1808-00F0-43A1-8AF9-85C917902DC0}.Debug|Any CPU.ActiveCfg = Debug|Any CPU
		{A96A1808-00F0-43A1-8AF9-85C917902DC0}.Debug|Any CPU.Build.0 = Debug|Any CPU
		{A96A1808-00F0-43A1-8AF9-85C917902DC0}.Release|Any CPU.ActiveCfg = Release|Any CPU
		{A96A1808-00F0-43A1-8AF9-85C917902DC0}.Release|Any CPU.Build.0 = Release|Any CPU
		{E6D9D229-27AF-4C4A-946E-5A0A26024F19}.Debug|Any CPU.ActiveCfg = Debug|Any CPU
		{E6D9D229-27AF-4C4A-946E-5A0A26024F19}.Debug|Any CPU.Build.0 = Debug|Any CPU
		{E6D9D229-27AF-4C4A-946E-5A0A26024F19}.Release|Any CPU.ActiveCfg = Release|Any CPU
		{E6D9D229-27AF-4C4A-946E-5A0A26024F19}.Release|Any CPU.Build.0 = Release|Any CPU
		{F02B12BD-CCE7-496C-A965-E51DE2C5ED35}.Debug|Any CPU.ActiveCfg = Debug|Any CPU
		{F02B12BD-CCE7-496C-A965-E51DE2C5ED35}.Debug|Any CPU.Build.0 = Debug|Any CPU
		{F02B12BD-CCE7-496C-A965-E51DE2C5ED35}.Release|Any CPU.ActiveCfg = Release|Any CPU
		{F02B12BD-CCE7-496C-A965-E51DE2C5ED35}.Release|Any CPU.Build.0 = Release|Any CPU
		{793110C1-BFC6-4117-8F04-722239AD85B4}.Debug|Any CPU.ActiveCfg = Debug|Any CPU
		{793110C1-BFC6-4117-8F04-722239AD85B4}.Debug|Any CPU.Build.0 = Debug|Any CPU
		{793110C1-BFC6-4117-8F04-722239AD85B4}.Release|Any CPU.ActiveCfg = Release|Any CPU
		{793110C1-BFC6-4117-8F04-722239AD85B4}.Release|Any CPU.Build.0 = Release|Any CPU
		{B9F00D4A-EA4B-4DD9-94D0-91A1F0F5C8F9}.Debug|Any CPU.ActiveCfg = Debug|Any CPU
		{B9F00D4A-EA4B-4DD9-94D0-91A1F0F5C8F9}.Debug|Any CPU.Build.0 = Debug|Any CPU
		{B9F00D4A-EA4B-4DD9-94D0-91A1F0F5C8F9}.Release|Any CPU.ActiveCfg = Release|Any CPU
		{B9F00D4A-EA4B-4DD9-94D0-91A1F0F5C8F9}.Release|Any CPU.Build.0 = Release|Any CPU
		{2049CC6C-B318-434B-AF57-0F243B083720}.Debug|Any CPU.ActiveCfg = Debug|Any CPU
		{2049CC6C-B318-434B-AF57-0F243B083720}.Debug|Any CPU.Build.0 = Debug|Any CPU
		{2049CC6C-B318-434B-AF57-0F243B083720}.Release|Any CPU.ActiveCfg = Release|Any CPU
		{2049CC6C-B318-434B-AF57-0F243B083720}.Release|Any CPU.Build.0 = Release|Any CPU
		{C90B87DC-020C-4CB8-B730-925856DD8BD2}.Debug|Any CPU.ActiveCfg = Debug|Any CPU
		{C90B87DC-020C-4CB8-B730-925856DD8BD2}.Debug|Any CPU.Build.0 = Debug|Any CPU
		{C90B87DC-020C-4CB8-B730-925856DD8BD2}.Release|Any CPU.ActiveCfg = Release|Any CPU
		{C90B87DC-020C-4CB8-B730-925856DD8BD2}.Release|Any CPU.Build.0 = Release|Any CPU
		{62915ABE-8F74-4747-BD78-332831FB2F5C}.Debug|Any CPU.ActiveCfg = Debug|Any CPU
		{62915ABE-8F74-4747-BD78-332831FB2F5C}.Debug|Any CPU.Build.0 = Debug|Any CPU
		{62915ABE-8F74-4747-BD78-332831FB2F5C}.Release|Any CPU.ActiveCfg = Release|Any CPU
		{62915ABE-8F74-4747-BD78-332831FB2F5C}.Release|Any CPU.Build.0 = Release|Any CPU
		{AA5B416B-7430-4C63-8883-69D3E3FBF6FF}.Debug|Any CPU.ActiveCfg = Debug|Any CPU
		{AA5B416B-7430-4C63-8883-69D3E3FBF6FF}.Debug|Any CPU.Build.0 = Debug|Any CPU
		{AA5B416B-7430-4C63-8883-69D3E3FBF6FF}.Release|Any CPU.ActiveCfg = Release|Any CPU
		{AA5B416B-7430-4C63-8883-69D3E3FBF6FF}.Release|Any CPU.Build.0 = Release|Any CPU
		{A520D87C-2E7E-41AF-B3EA-AF9B2A2EAEFB}.Debug|Any CPU.ActiveCfg = Debug|Any CPU
		{A520D87C-2E7E-41AF-B3EA-AF9B2A2EAEFB}.Debug|Any CPU.Build.0 = Debug|Any CPU
		{A520D87C-2E7E-41AF-B3EA-AF9B2A2EAEFB}.Release|Any CPU.ActiveCfg = Release|Any CPU
		{A520D87C-2E7E-41AF-B3EA-AF9B2A2EAEFB}.Release|Any CPU.Build.0 = Release|Any CPU
		{F0181C24-E8E1-49B9-9441-3E91D4105940}.Debug|Any CPU.ActiveCfg = Debug|Any CPU
		{F0181C24-E8E1-49B9-9441-3E91D4105940}.Debug|Any CPU.Build.0 = Debug|Any CPU
		{F0181C24-E8E1-49B9-9441-3E91D4105940}.Release|Any CPU.ActiveCfg = Release|Any CPU
		{F0181C24-E8E1-49B9-9441-3E91D4105940}.Release|Any CPU.Build.0 = Release|Any CPU
		{E5E3E9D7-4D85-47BC-9DB3-FA680C96D3C2}.Debug|Any CPU.ActiveCfg = Debug|Any CPU
		{E5E3E9D7-4D85-47BC-9DB3-FA680C96D3C2}.Debug|Any CPU.Build.0 = Debug|Any CPU
		{E5E3E9D7-4D85-47BC-9DB3-FA680C96D3C2}.Release|Any CPU.ActiveCfg = Release|Any CPU
		{E5E3E9D7-4D85-47BC-9DB3-FA680C96D3C2}.Release|Any CPU.Build.0 = Release|Any CPU
		{1FD9C15A-22C2-4F0C-808D-1304F843FFDD}.Debug|Any CPU.ActiveCfg = Debug|Any CPU
		{1FD9C15A-22C2-4F0C-808D-1304F843FFDD}.Debug|Any CPU.Build.0 = Debug|Any CPU
		{1FD9C15A-22C2-4F0C-808D-1304F843FFDD}.Release|Any CPU.ActiveCfg = Release|Any CPU
		{1FD9C15A-22C2-4F0C-808D-1304F843FFDD}.Release|Any CPU.Build.0 = Release|Any CPU
		{7E1BEB9E-8906-4E2B-9569-E643F51FF6C4}.Debug|Any CPU.ActiveCfg = Debug|Any CPU
		{7E1BEB9E-8906-4E2B-9569-E643F51FF6C4}.Debug|Any CPU.Build.0 = Debug|Any CPU
		{7E1BEB9E-8906-4E2B-9569-E643F51FF6C4}.Release|Any CPU.ActiveCfg = Release|Any CPU
		{7E1BEB9E-8906-4E2B-9569-E643F51FF6C4}.Release|Any CPU.Build.0 = Release|Any CPU
		{6FE6C074-558E-4F5E-BA71-AB843197955B}.Debug|Any CPU.ActiveCfg = Debug|Any CPU
		{6FE6C074-558E-4F5E-BA71-AB843197955B}.Debug|Any CPU.Build.0 = Debug|Any CPU
		{6FE6C074-558E-4F5E-BA71-AB843197955B}.Release|Any CPU.ActiveCfg = Release|Any CPU
		{6FE6C074-558E-4F5E-BA71-AB843197955B}.Release|Any CPU.Build.0 = Release|Any CPU
	EndGlobalSection
	GlobalSection(SolutionProperties) = preSolution
		HideSolutionNode = FALSE
	EndGlobalSection
	GlobalSection(ExtensibilityGlobals) = postSolution
		SolutionGuid = {902AF0F7-D661-4A85-B651-680876C074AA}
	EndGlobalSection
EndGlobal
